<?xml version="1.0" encoding="utf-8"?>
<Project ToolsVersion="4.0" xmlns="http://schemas.microsoft.com/developer/msbuild/2003">
  <ItemGroup>
    <Filter Include="리소스 파일">
      <UniqueIdentifier>{67DA6AB6-F800-4c08-8B7A-83BB121AAD01}</UniqueIdentifier>
      <Extensions>rc;ico;cur;bmp;dlg;rc2;rct;bin;rgs;gif;jpg;jpeg;jpe;resx;tiff;tif;png;wav;mfcribbon-ms</Extensions>
    </Filter>
    <Filter Include="99.Common">
      <UniqueIdentifier>{e0061253-7ffe-4a10-9ee3-e90a225af5ef}</UniqueIdentifier>
    </Filter>
    <Filter Include="00.MainFrame">
      <UniqueIdentifier>{fa72e094-dde7-4905-b3dd-842b6a059f97}</UniqueIdentifier>
    </Filter>
    <Filter Include="02.Manager">
      <UniqueIdentifier>{4d190ff3-ba7f-4500-aa69-d47088deee75}</UniqueIdentifier>
    </Filter>
    <Filter Include="03.Obj">
      <UniqueIdentifier>{a3c0a1f4-a14e-4011-9626-b3a79f835156}</UniqueIdentifier>
    </Filter>
    <Filter Include="03.Obj\00.Player">
      <UniqueIdentifier>{12b95bf4-f8cd-4a44-aa22-2203d94135c5}</UniqueIdentifier>
    </Filter>
    <Filter Include="03.Obj\01.Objects">
      <UniqueIdentifier>{70f88371-ae78-44bf-a17f-21443870ae7b}</UniqueIdentifier>
    </Filter>
  </ItemGroup>
  <ItemGroup>
    <ClInclude Include="Resource.h">
      <Filter>99.Common</Filter>
    </ClInclude>
    <ClInclude Include="stdafx.h">
      <Filter>99.Common</Filter>
    </ClInclude>
    <ClInclude Include="targetver.h">
      <Filter>99.Common</Filter>
    </ClInclude>
    <ClInclude Include="Defines.h">
      <Filter>99.Common</Filter>
    </ClInclude>
    <ClInclude Include="Frame.h">
      <Filter>00.MainFrame</Filter>
    </ClInclude>
    <ClInclude Include="GameObject.h">
      <Filter>03.Obj</Filter>
    </ClInclude>
    <ClInclude Include="ResourceManager.h">
      <Filter>02.Manager</Filter>
    </ClInclude>
    <ClInclude Include="ObjectrManager.h">
      <Filter>02.Manager</Filter>
    </ClInclude>
    <ClInclude Include="MainGame.h">
      <Filter>00.MainFrame</Filter>
    </ClInclude>
    <ClInclude Include="Player.h">
      <Filter>03.Obj\00.Player</Filter>
    </ClInclude>
    <ClInclude Include="Goal.h">
      <Filter>03.Obj\01.Objects</Filter>
    </ClInclude>
    <ClInclude Include="Wall.h">
      <Filter>03.Obj\01.Objects</Filter>
    </ClInclude>
    <ClInclude Include="Ball.h">
      <Filter>03.Obj\01.Objects</Filter>
    </ClInclude>
    <ClInclude Include="OOPProject.h">
      <Filter>99.Common</Filter>
    </ClInclude>
    <ClInclude Include="Timer.h">
      <Filter>00.MainFrame</Filter>
    </ClInclude>
    <ClInclude Include="dxerr.h">
      <Filter>00.MainFrame</Filter>
    </ClInclude>
  </ItemGroup>
  <ItemGroup>
    <ClCompile Include="stdafx.cpp">
      <Filter>99.Common</Filter>
    </ClCompile>
    <ClCompile Include="Frame.cpp">
      <Filter>00.MainFrame</Filter>
    </ClCompile>
    <ClCompile Include="GameObject.cpp">
      <Filter>03.Obj</Filter>
    </ClCompile>
    <ClCompile Include="ResourceManager.cpp">
      <Filter>02.Manager</Filter>
    </ClCompile>
    <ClCompile Include="ObjectrManager.cpp">
      <Filter>02.Manager</Filter>
    </ClCompile>
    <ClCompile Include="MainGame.cpp">
      <Filter>00.MainFrame</Filter>
    </ClCompile>
    <ClCompile Include="Player.cpp">
      <Filter>03.Obj\00.Player</Filter>
    </ClCompile>
    <ClCompile Include="Goal.cpp">
      <Filter>03.Obj\01.Objects</Filter>
    </ClCompile>
    <ClCompile Include="Wall.cpp">
      <Filter>03.Obj\01.Objects</Filter>
    </ClCompile>
    <ClCompile Include="Ball.cpp">
      <Filter>03.Obj\01.Objects</Filter>
    </ClCompile>
    <ClCompile Include="OOPProject.cpp">
      <Filter>99.Common</Filter>
    </ClCompile>
    <ClCompile Include="Timer.cpp">
      <Filter>00.MainFrame</Filter>
    </ClCompile>
    <ClCompile Include="dxerr.cpp">
      <Filter>00.MainFrame</Filter>
    </ClCompile>
  </ItemGroup>
  <ItemGroup>
    <ResourceCompile Include="OOPProject.rc">
      <Filter>리소스 파일</Filter>
    </ResourceCompile>
  </ItemGroup>
  <ItemGroup>
    <Image Include="small.ico">
      <Filter>리소스 파일</Filter>
    </Image>
    <Image Include="OOPProject.ico">
      <Filter>리소스 파일</Filter>
    </Image>
  </ItemGroup>
  <ItemGroup>
    <None Include="ClassDiagram1.cd" />
  </ItemGroup>
</Project>